{
  "name": "nodejs",
  "version": "1.0.0",
  "lockfileVersion": 3,
  "requires": true,
  "packages": {
    "": {
      "name": "nodejs",
      "version": "1.0.0",
      "license": "ISC",
      "dependencies": {
        "@cvt/cvt-sdk": "file:../../cvt/sdks/node"
      }
    },
    "../../cvt/sdks/node": {
      "name": "@cvt/cvt-sdk",
      "version": "0.1.0",
      "dependencies": {
        "@grpc/grpc-js": "^1.14.3",
        "@grpc/proto-loader": "^0.8.0"
      },
      "devDependencies": {
        "@types/express": "^5.0.6",
        "@types/jest": "^30.0.0",
        "@types/node": "^22.19.3",
        "@typescript-eslint/eslint-plugin": "^8.52.0",
        "@typescript-eslint/parser": "^8.52.0",
        "axios": "^1.13.2",
        "eslint": "^9.39.2",
        "fastify": "^5.6.2",
        "globals": "^16.5.0",
        "jest": "^30.2.0",
        "prettier": "^3.7.4",
        "ts-jest": "^29.4.6",
        "ts-node": "^10.9.2",
        "typescript": "^5.9.3"
      },
      "peerDependencies": {
        "axios": "^1.0.0",
        "express": "^4.0.0 || ^5.0.0",
        "fastify": "^4.0.0 || ^5.0.0"
      },
      "peerDependenciesMeta": {
        "axios": {
          "optional": true
        },
        "express": {
          "optional": true
        },
        "fastify": {
          "optional": true
        }
      }
    },
    "node_modules/@cvt/cvt-sdk": {
      "resolved": "../../cvt/sdks/node",
      "link": true
    }
  }
}
